
Microsoft Visual Studio Solution File, Format Version 12.00
# Visual Studio Version 17
VisualStudioVersion = 17.14.36414.22
MinimumVisualStudioVersion = 10.0.40219.1
Project("{FAE04EC0-301F-11D3-BF4B-00C04F79EFBC}") = "betareborn", "betareborn.csproj", "{A7665700-4F8C-4240-AD89-056637A7901E}"
EndProject
Global
	GlobalSection(SolutionConfigurationPlatforms) = preSolution
		ClientDebug|Any CPU = ClientDebug|Any CPU
		ClientRelease|Any CPU = ClientRelease|Any CPU
		ServerDebug|Any CPU = ServerDebug|Any CPU
		ServerRelease|Any CPU = ServerRelease|Any CPU
	EndGlobalSection
	GlobalSection(ProjectConfigurationPlatforms) = postSolution
		{A7665700-4F8C-4240-AD89-056637A7901E}.ClientDebug|Any CPU.ActiveCfg = ClientDebug|Any CPU
		{A7665700-4F8C-4240-AD89-056637A7901E}.ClientDebug|Any CPU.Build.0 = ClientDebug|Any CPU
		{A7665700-4F8C-4240-AD89-056637A7901E}.ClientRelease|Any CPU.ActiveCfg = ClientRelease|Any CPU
		{A7665700-4F8C-4240-AD89-056637A7901E}.ClientRelease|Any CPU.Build.0 = ClientRelease|Any CPU
		{A7665700-4F8C-4240-AD89-056637A7901E}.Debug|Any CPU.ActiveCfg = Debug|Any CPU
		{A7665700-4F8C-4240-AD89-056637A7901E}.Debug|Any CPU.Build.0 = Debug|Any CPU
		{A7665700-4F8C-4240-AD89-056637A7901E}.Release|Any CPU.ActiveCfg = Release|Any CPU
		{A7665700-4F8C-4240-AD89-056637A7901E}.Release|Any CPU.Build.0 = Release|Any CPU
		{A7665700-4F8C-4240-AD89-056637A7901E}.ServerDebug|Any CPU.ActiveCfg = ServerDebug|Any CPU
		{A7665700-4F8C-4240-AD89-056637A7901E}.ServerDebug|Any CPU.Build.0 = ServerDebug|Any CPU
		{A7665700-4F8C-4240-AD89-056637A7901E}.ServerRelease|Any CPU.ActiveCfg = ServerRelease|Any CPU
		{A7665700-4F8C-4240-AD89-056637A7901E}.ServerRelease|Any CPU.Build.0 = ServerRelease|Any CPU
	EndGlobalSection
	GlobalSection(SolutionProperties) = preSolution
		HideSolutionNode = FALSE
	EndGlobalSection
	GlobalSection(ExtensibilityGlobals) = postSolution
		SolutionGuid = {ABA57F20-308A-429A-9FAB-ED49FC113F4C}
	EndGlobalSection
EndGlobal
